<Solution>
  <Folder Name="/src/">
    <Project Path="src/ConferenceRoomBooking.Api/ConferenceRoomBooking.Api.csproj" />
    <Project Path="src/ConferenceRoomBooking.Application/ConferenceRoomBooking.Application.csproj" />
    <Project Path="src/ConferenceRoomBooking.Infrastructure/ConferenceRoomBooking.Infrastructure.csproj" />
  </Folder>
  <Folder Name="/tests/">
    <Project Path="tests/ConferenceRoomBooking.UnitTests/ConferenceRoomBooking.UnitTests.csproj" />
  </Folder>
</Solution>
